// !$*UTF8*$!
{
	archiveVersion = 1;
	classes = {
	};
	objectVersion = 56;
	objects = {

/* Begin PBXBuildFile section */
		DE30F71F28FE4DED00B6B97E /* AppDelegate.swift in Sources */ = {isa = PBXBuildFile; fileRef = DE30F71E28FE4DED00B6B97E /* AppDelegate.swift */; };
		DE30F72128FE4DED00B6B97E /* SceneDelegate.swift in Sources */ = {isa = PBXBuildFile; fileRef = DE30F72028FE4DED00B6B97E /* SceneDelegate.swift */; };
		DE30F72328FE4DED00B6B97E /* ViewController.swift in Sources */ = {isa = PBXBuildFile; fileRef = DE30F72228FE4DED00B6B97E /* ViewController.swift */; };
		DE30F72628FE4DED00B6B97E /* Main.storyboard in Resources */ = {isa = PBXBuildFile; fileRef = DE30F72428FE4DED00B6B97E /* Main.storyboard */; };
		DE30F72928FE4DED00B6B97E /* onYourOwnSoundboard.xcdatamodeld in Sources */ = {isa = PBXBuildFile; fileRef = DE30F72728FE4DED00B6B97E /* onYourOwnSoundboard.xcdatamodeld */; };
		DE30F72B28FE4DEE00B6B97E /* Assets.xcassets in Resources */ = {isa = PBXBuildFile; fileRef = DE30F72A28FE4DEE00B6B97E /* Assets.xcassets */; };
		DE30F72E28FE4DEE00B6B97E /* LaunchScreen.storyboard in Resources */ = {isa = PBXBuildFile; fileRef = DE30F72C28FE4DEE00B6B97E /* LaunchScreen.storyboard */; };
		DE30F73928FE4DEE00B6B97E /* onYourOwnSoundboardTests.swift in Sources */ = {isa = PBXBuildFile; fileRef = DE30F73828FE4DEE00B6B97E /* onYourOwnSoundboardTests.swift */; };
		DE30F74328FE4DEE00B6B97E /* onYourOwnSoundboardUITests.swift in Sources */ = {isa = PBXBuildFile; fileRef = DE30F74228FE4DEE00B6B97E /* onYourOwnSoundboardUITests.swift */; };
		DE30F74528FE4DEE00B6B97E /* onYourOwnSoundboardUITestsLaunchTests.swift in Sources */ = {isa = PBXBuildFile; fileRef = DE30F74428FE4DEE00B6B97E /* onYourOwnSoundboardUITestsLaunchTests.swift */; };
		DEFD72C028FF8F1000CCE1E8 /* classical.mp3 in Resources */ = {isa = PBXBuildFile; fileRef = DEFD72BF28FF8F1000CCE1E8 /* classical.mp3 */; };
		DEFD72C228FF8F3000CCE1E8 /* blues.mp3 in Resources */ = {isa = PBXBuildFile; fileRef = DEFD72C128FF8F3000CCE1E8 /* blues.mp3 */; };
		DEFD72C428FF8F3B00CCE1E8 /* jazz.mp3 in Resources */ = {isa = PBXBuildFile; fileRef = DEFD72C328FF8F3B00CCE1E8 /* jazz.mp3 */; };
		DEFD72C628FF91A900CCE1E8 /* disco.mp3 in Resources */ = {isa = PBXBuildFile; fileRef = DEFD72C528FF91A900CCE1E8 /* disco.mp3 */; };
		DEFD72C828FF94E300CCE1E8 /* country.mp3 in Resources */ = {isa = PBXBuildFile; fileRef = DEFD72C728FF94E300CCE1E8 /* country.mp3 */; };
		DEFD72CA28FF966100CCE1E8 /* techno.mp3 in Resources */ = {isa = PBXBuildFile; fileRef = DEFD72C928FF966100CCE1E8 /* techno.mp3 */; };
		DEFD72CC28FF98E200CCE1E8 /* rock.mp3 in Resources */ = {isa = PBXBuildFile; fileRef = DEFD72CB28FF98E200CCE1E8 /* rock.mp3 */; };
		DEFD72CE28FF9BCB00CCE1E8 /* Latin.mp3 in Resources */ = {isa = PBXBuildFile; fileRef = DEFD72CD28FF9BCB00CCE1E8 /* Latin.mp3 */; };
/* End PBXBuildFile section */

/* Begin PBXContainerItemProxy section */
		DE30F73528FE4DEE00B6B97E /* PBXContainerItemProxy */ = {
			isa = PBXContainerItemProxy;
			containerPortal = DE30F71328FE4DED00B6B97E /* Project object */;
			proxyType = 1;
			remoteGlobalIDString = DE30F71A28FE4DED00B6B97E;
			remoteInfo = onYourOwnSoundboard;
		};
		DE30F73F28FE4DEE00B6B97E /* PBXContainerItemProxy */ = {
			isa = PBXContainerItemProxy;
			containerPortal = DE30F71328FE4DED00B6B97E /* Project object */;
			proxyType = 1;
			remoteGlobalIDString = DE30F71A28FE4DED00B6B97E;
			remoteInfo = onYourOwnSoundboard;
		};
/* End PBXContainerItemProxy section */

/* Begin PBXFileReference section */
		DE30F71B28FE4DED00B6B97E /* onYourOwnSoundboard.app */ = {isa = PBXFileReference; explicitFileType = wrapper.application; includeInIndex = 0; path = onYourOwnSoundboard.app; sourceTree = BUILT_PRODUCTS_DIR; };
		DE30F71E28FE4DED00B6B97E /* AppDelegate.swift */ = {isa = PBXFileReference; lastKnownFileType = sourcecode.swift; path = AppDelegate.swift; sourceTree = "<group>"; };
		DE30F72028FE4DED00B6B97E /* SceneDelegate.swift */ = {isa = PBXFileReference; lastKnownFileType = sourcecode.swift; path = SceneDelegate.swift; sourceTree = "<group>"; };
		DE30F72228FE4DED00B6B97E /* ViewController.swift */ = {isa = PBXFileReference; lastKnownFileType = sourcecode.swift; path = ViewController.swift; sourceTree = "<group>"; };
		DE30F72528FE4DED00B6B97E /* Base */ = {isa = PBXFileReference; lastKnownFileType = file.storyboard; name = Base; path = Base.lproj/Main.storyboard; sourceTree = "<group>"; };
		DE30F72828FE4DED00B6B97E /* onYourOwnSoundboard.xcdatamodel */ = {isa = PBXFileReference; lastKnownFileType = wrapper.xcdatamodel; path = onYourOwnSoundboard.xcdatamodel; sourceTree = "<group>"; };
		DE30F72A28FE4DEE00B6B97E /* Assets.xcassets */ = {isa = PBXFileReference; lastKnownFileType = folder.assetcatalog; path = Assets.xcassets; sourceTree = "<group>"; };
		DE30F72D28FE4DEE00B6B97E /* Base */ = {isa = PBXFileReference; lastKnownFileType = file.storyboard; name = Base; path = Base.lproj/LaunchScreen.storyboard; sourceTree = "<group>"; };
		DE30F72F28FE4DEE00B6B97E /* Info.plist */ = {isa = PBXFileReference; lastKnownFileType = text.plist.xml; path = Info.plist; sourceTree = "<group>"; };
		DE30F73428FE4DEE00B6B97E /* onYourOwnSoundboardTests.xctest */ = {isa = PBXFileReference; explicitFileType = wrapper.cfbundle; includeInIndex = 0; path = onYourOwnSoundboardTests.xctest; sourceTree = BUILT_PRODUCTS_DIR; };
		DE30F73828FE4DEE00B6B97E /* onYourOwnSoundboardTests.swift */ = {isa = PBXFileReference; lastKnownFileType = sourcecode.swift; path = onYourOwnSoundboardTests.swift; sourceTree = "<group>"; };
		DE30F73E28FE4DEE00B6B97E /* onYourOwnSoundboardUITests.xctest */ = {isa = PBXFileReference; explicitFileType = wrapper.cfbundle; includeInIndex = 0; path = onYourOwnSoundboardUITests.xctest; sourceTree = BUILT_PRODUCTS_DIR; };
		DE30F74228FE4DEE00B6B97E /* onYourOwnSoundboardUITests.swift */ = {isa = PBXFileReference; lastKnownFileType = sourcecode.swift; path = onYourOwnSoundboardUITests.swift; sourceTree = "<group>"; };
		DE30F74428FE4DEE00B6B97E /* onYourOwnSoundboardUITestsLaunchTests.swift */ = {isa = PBXFileReference; lastKnownFileType = sourcecode.swift; path = onYourOwnSoundboardUITestsLaunchTests.swift; sourceTree = "<group>"; };
		DEFD72BF28FF8F1000CCE1E8 /* classical.mp3 */ = {isa = PBXFileReference; lastKnownFileType = audio.mp3; path = classical.mp3; sourceTree = "<group>"; };
		DEFD72C128FF8F3000CCE1E8 /* blues.mp3 */ = {isa = PBXFileReference; lastKnownFileType = audio.mp3; path = blues.mp3; sourceTree = "<group>"; };
		DEFD72C328FF8F3B00CCE1E8 /* jazz.mp3 */ = {isa = PBXFileReference; lastKnownFileType = audio.mp3; path = jazz.mp3; sourceTree = "<group>"; };
		DEFD72C528FF91A900CCE1E8 /* disco.mp3 */ = {isa = PBXFileReference; lastKnownFileType = audio.mp3; path = disco.mp3; sourceTree = "<group>"; };
		DEFD72C728FF94E300CCE1E8 /* country.mp3 */ = {isa = PBXFileReference; lastKnownFileType = audio.mp3; path = country.mp3; sourceTree = "<group>"; };
		DEFD72C928FF966100CCE1E8 /* techno.mp3 */ = {isa = PBXFileReference; lastKnownFileType = audio.mp3; path = techno.mp3; sourceTree = "<group>"; };
		DEFD72CB28FF98E200CCE1E8 /* rock.mp3 */ = {isa = PBXFileReference; lastKnownFileType = audio.mp3; path = rock.mp3; sourceTree = "<group>"; };
		DEFD72CD28FF9BCB00CCE1E8 /* Latin.mp3 */ = {isa = PBXFileReference; lastKnownFileType = audio.mp3; path = Latin.mp3; sourceTree = "<group>"; };
/* End PBXFileReference section */

/* Begin PBXFrameworksBuildPhase section */
		DE30F71828FE4DED00B6B97E /* Frameworks */ = {
			isa = PBXFrameworksBuildPhase;
			buildActionMask = 2147483647;
			files = (
			);
			runOnlyForDeploymentPostprocessing = 0;
		};
		DE30F73128FE4DEE00B6B97E /* Frameworks */ = {
			isa = PBXFrameworksBuildPhase;
			buildActionMask = 2147483647;
			files = (
			);
			runOnlyForDeploymentPostprocessing = 0;
		};
		DE30F73B28FE4DEE00B6B97E /* Frameworks */ = {
			isa = PBXFrameworksBuildPhase;
			buildActionMask = 2147483647;
			files = (
			);
			runOnlyForDeploymentPostprocessing = 0;
		};
/* End PBXFrameworksBuildPhase section */

/* Begin PBXGroup section */
		DE30F71228FE4DED00B6B97E = {
			isa = PBXGroup;
			children = (
				DE30F71D28FE4DED00B6B97E /* onYourOwnSoundboard */,
				DE30F73728FE4DEE00B6B97E /* onYourOwnSoundboardTests */,
				DE30F74128FE4DEE00B6B97E /* onYourOwnSoundboardUITests */,
				DE30F71C28FE4DED00B6B97E /* Products */,
			);
			sourceTree = "<group>";
		};
		DE30F71C28FE4DED00B6B97E /* Products */ = {
			isa = PBXGroup;
			children = (
				DE30F71B28FE4DED00B6B97E /* onYourOwnSoundboard.app */,
				DE30F73428FE4DEE00B6B97E /* onYourOwnSoundboardTests.xctest */,
				DE30F73E28FE4DEE00B6B97E /* onYourOwnSoundboardUITests.xctest */,
			);
			name = Products;
			sourceTree = "<group>";
		};
		DE30F71D28FE4DED00B6B97E /* onYourOwnSoundboard */ = {
			isa = PBXGroup;
			children = (
				DE30F71E28FE4DED00B6B97E /* AppDelegate.swift */,
				DE30F72028FE4DED00B6B97E /* SceneDelegate.swift */,
				DE30F72228FE4DED00B6B97E /* ViewController.swift */,
				DE30F72428FE4DED00B6B97E /* Main.storyboard */,
				DE30F72A28FE4DEE00B6B97E /* Assets.xcassets */,
				DEFD72BF28FF8F1000CCE1E8 /* classical.mp3 */,
				DEFD72C128FF8F3000CCE1E8 /* blues.mp3 */,
				DEFD72C328FF8F3B00CCE1E8 /* jazz.mp3 */,
				DEFD72C528FF91A900CCE1E8 /* disco.mp3 */,
				DEFD72C728FF94E300CCE1E8 /* country.mp3 */,
				DEFD72C928FF966100CCE1E8 /* techno.mp3 */,
				DEFD72CB28FF98E200CCE1E8 /* rock.mp3 */,
				DEFD72CD28FF9BCB00CCE1E8 /* Latin.mp3 */,
				DE30F72C28FE4DEE00B6B97E /* LaunchScreen.storyboard */,
				DE30F72F28FE4DEE00B6B97E /* Info.plist */,
				DE30F72728FE4DED00B6B97E /* onYourOwnSoundboard.xcdatamodeld */,
			);
			path = onYourOwnSoundboard;
			sourceTree = "<group>";
		};
		DE30F73728FE4DEE00B6B97E /* onYourOwnSoundboardTests */ = {
			isa = PBXGroup;
			children = (
				DE30F73828FE4DEE00B6B97E /* onYourOwnSoundboardTests.swift */,
			);
			path = onYourOwnSoundboardTests;
			sourceTree = "<group>";
		};
		DE30F74128FE4DEE00B6B97E /* onYourOwnSoundboardUITests */ = {
			isa = PBXGroup;
			children = (
				DE30F74228FE4DEE00B6B97E /* onYourOwnSoundboardUITests.swift */,
				DE30F74428FE4DEE00B6B97E /* onYourOwnSoundboardUITestsLaunchTests.swift */,
			);
			path = onYourOwnSoundboardUITests;
			sourceTree = "<group>";
		};
/* End PBXGroup section */

/* Begin PBXNativeTarget section */
		DE30F71A28FE4DED00B6B97E /* onYourOwnSoundboard */ = {
			isa = PBXNativeTarget;
			buildConfigurationList = DE30F74828FE4DEE00B6B97E /* Build configuration list for PBXNativeTarget "onYourOwnSoundboard" */;
			buildPhases = (
				DE30F71728FE4DED00B6B97E /* Sources */,
				DE30F71828FE4DED00B6B97E /* Frameworks */,
				DE30F71928FE4DED00B6B97E /* Resources */,
			);
			buildRules = (
			);
			dependencies = (
			);
			name = onYourOwnSoundboard;
			productName = onYourOwnSoundboard;
			productReference = DE30F71B28FE4DED00B6B97E /* onYourOwnSoundboard.app */;
			productType = "com.apple.product-type.application";
		};
		DE30F73328FE4DEE00B6B97E /* onYourOwnSoundboardTests */ = {
			isa = PBXNativeTarget;
			buildConfigurationList = DE30F74B28FE4DEE00B6B97E /* Build configuration list for PBXNativeTarget "onYourOwnSoundboardTests" */;
			buildPhases = (
				DE30F73028FE4DEE00B6B97E /* Sources */,
				DE30F73128FE4DEE00B6B97E /* Frameworks */,
				DE30F73228FE4DEE00B6B97E /* Resources */,
			);
			buildRules = (
			);
			dependencies = (
				DE30F73628FE4DEE00B6B97E /* PBXTargetDependency */,
			);
			name = onYourOwnSoundboardTests;
			productName = onYourOwnSoundboardTests;
			productReference = DE30F73428FE4DEE00B6B97E /* onYourOwnSoundboardTests.xctest */;
			productType = "com.apple.product-type.bundle.unit-test";
		};
		DE30F73D28FE4DEE00B6B97E /* onYourOwnSoundboardUITests */ = {
			isa = PBXNativeTarget;
			buildConfigurationList = DE30F74E28FE4DEE00B6B97E /* Build configuration list for PBXNativeTarget "onYourOwnSoundboardUITests" */;
			buildPhases = (
				DE30F73A28FE4DEE00B6B97E /* Sources */,
				DE30F73B28FE4DEE00B6B97E /* Frameworks */,
				DE30F73C28FE4DEE00B6B97E /* Resources */,
			);
			buildRules = (
			);
			dependencies = (
				DE30F74028FE4DEE00B6B97E /* PBXTargetDependency */,
			);
			name = onYourOwnSoundboardUITests;
			productName = onYourOwnSoundboardUITests;
			productReference = DE30F73E28FE4DEE00B6B97E /* onYourOwnSoundboardUITests.xctest */;
			productType = "com.apple.product-type.bundle.ui-testing";
		};
/* End PBXNativeTarget section */

/* Begin PBXProject section */
		DE30F71328FE4DED00B6B97E /* Project object */ = {
			isa = PBXProject;
			attributes = {
				BuildIndependentTargetsInParallel = 1;
				LastSwiftUpdateCheck = 1400;
				LastUpgradeCheck = 1400;
				TargetAttributes = {
					DE30F71A28FE4DED00B6B97E = {
						CreatedOnToolsVersion = 14.0.1;
					};
					DE30F73328FE4DEE00B6B97E = {
						CreatedOnToolsVersion = 14.0.1;
						TestTargetID = DE30F71A28FE4DED00B6B97E;
					};
					DE30F73D28FE4DEE00B6B97E = {
						CreatedOnToolsVersion = 14.0.1;
						TestTargetID = DE30F71A28FE4DED00B6B97E;
					};
				};
			};
			buildConfigurationList = DE30F71628FE4DED00B6B97E /* Build configuration list for PBXProject "onYourOwnSoundboard" */;
			compatibilityVersion = "Xcode 14.0";
			developmentRegion = en;
			hasScannedForEncodings = 0;
			knownRegions = (
				en,
				Base,
			);
			mainGroup = DE30F71228FE4DED00B6B97E;
			productRefGroup = DE30F71C28FE4DED00B6B97E /* Products */;
			projectDirPath = "";
			projectRoot = "";
			targets = (
				DE30F71A28FE4DED00B6B97E /* onYourOwnSoundboard */,
				DE30F73328FE4DEE00B6B97E /* onYourOwnSoundboardTests */,
				DE30F73D28FE4DEE00B6B97E /* onYourOwnSoundboardUITests */,
			);
		};
/* End PBXProject section */

/* Begin PBXResourcesBuildPhase section */
		DE30F71928FE4DED00B6B97E /* Resources */ = {
			isa = PBXResourcesBuildPhase;
			buildActionMask = 2147483647;
			files = (
				DE30F72E28FE4DEE00B6B97E /* LaunchScreen.storyboard in Resources */,
				DEFD72CC28FF98E200CCE1E8 /* rock.mp3 in Resources */,
				DE30F72B28FE4DEE00B6B97E /* Assets.xcassets in Resources */,
				DEFD72CA28FF966100CCE1E8 /* techno.mp3 in Resources */,
				DEFD72C628FF91A900CCE1E8 /* disco.mp3 in Resources */,
				DEFD72CE28FF9BCB00CCE1E8 /* Latin.mp3 in Resources */,
				DEFD72C028FF8F1000CCE1E8 /* classical.mp3 in Resources */,
				DEFD72C228FF8F3000CCE1E8 /* blues.mp3 in Resources */,
				DEFD72C828FF94E300CCE1E8 /* country.mp3 in Resources */,
				DE30F72628FE4DED00B6B97E /* Main.storyboard in Resources */,
				DEFD72C428FF8F3B00CCE1E8 /* jazz.mp3 in Resources */,
			);
			runOnlyForDeploymentPostprocessing = 0;
		};
		DE30F73228FE4DEE00B6B97E /* Resources */ = {
			isa = PBXResourcesBuildPhase;
			buildActionMask = 2147483647;
			files = (
			);
			runOnlyForDeploymentPostprocessing = 0;
		};
		DE30F73C28FE4DEE00B6B97E /* Resources */ = {
			isa = PBXResourcesBuildPhase;
			buildActionMask = 2147483647;
			files = (
			);
			runOnlyForDeploymentPostprocessing = 0;
		};
/* End PBXResourcesBuildPhase section */

/* Begin PBXSourcesBuildPhase section */
		DE30F71728FE4DED00B6B97E /* Sources */ = {
			isa = PBXSourcesBuildPhase;
			buildActionMask = 2147483647;
			files = (
				DE30F72328FE4DED00B6B97E /* ViewController.swift in Sources */,
				DE30F71F28FE4DED00B6B97E /* AppDelegate.swift in Sources */,
				DE30F72928FE4DED00B6B97E /* onYourOwnSoundboard.xcdatamodeld in Sources */,
				DE30F72128FE4DED00B6B97E /* SceneDelegate.swift in Sources */,
			);
			runOnlyForDeploymentPostprocessing = 0;
		};
		DE30F73028FE4DEE00B6B97E /* Sources */ = {
			isa = PBXSourcesBuildPhase;
			buildActionMask = 2147483647;
			files = (
				DE30F73928FE4DEE00B6B97E /* onYourOwnSoundboardTests.swift in Sources */,
			);
			runOnlyForDeploymentPostprocessing = 0;
		};
		DE30F73A28FE4DEE00B6B97E /* Sources */ = {
			isa = PBXSourcesBuildPhase;
			buildActionMask = 2147483647;
			files = (
				DE30F74528FE4DEE00B6B97E /* onYourOwnSoundboardUITestsLaunchTests.swift in Sources */,
				DE30F74328FE4DEE00B6B97E /* onYourOwnSoundboardUITests.swift in Sources */,
			);
			runOnlyForDeploymentPostprocessing = 0;
		};
/* End PBXSourcesBuildPhase section */

/* Begin PBXTargetDependency section */
		DE30F73628FE4DEE00B6B97E /* PBXTargetDependency */ = {
			isa = PBXTargetDependency;
			target = DE30F71A28FE4DED00B6B97E /* onYourOwnSoundboard */;
			targetProxy = DE30F73528FE4DEE00B6B97E /* PBXContainerItemProxy */;
		};
		DE30F74028FE4DEE00B6B97E /* PBXTargetDependency */ = {
			isa = PBXTargetDependency;
			target = DE30F71A28FE4DED00B6B97E /* onYourOwnSoundboard */;
			targetProxy = DE30F73F28FE4DEE00B6B97E /* PBXContainerItemProxy */;
		};
/* End PBXTargetDependency section */

/* Begin PBXVariantGroup section */
		DE30F72428FE4DED00B6B97E /* Main.storyboard */ = {
			isa = PBXVariantGroup;
			children = (
				DE30F72528FE4DED00B6B97E /* Base */,
			);
			name = Main.storyboard;
			sourceTree = "<group>";
		};
		DE30F72C28FE4DEE00B6B97E /* LaunchScreen.storyboard */ = {
			isa = PBXVariantGroup;
			children = (
				DE30F72D28FE4DEE00B6B97E /* Base */,
			);
			name = LaunchScreen.storyboard;
			sourceTree = "<group>";
		};
/* End PBXVariantGroup section */

/* Begin XCBuildConfiguration section */
		DE30F74628FE4DEE00B6B97E /* Debug */ = {
			isa = XCBuildConfiguration;
			buildSettings = {
				ALWAYS_SEARCH_USER_PATHS = NO;
				CLANG_ANALYZER_NONNULL = YES;
				CLANG_ANALYZER_NUMBER_OBJECT_CONVERSION = YES_AGGRESSIVE;
				CLANG_CXX_LANGUAGE_STANDARD = "gnu++20";
				CLANG_ENABLE_MODULES = YES;
				CLANG_ENABLE_OBJC_ARC = YES;
				CLANG_ENABLE_OBJC_WEAK = YES;
				CLANG_WARN_BLOCK_CAPTURE_AUTORELEASING = YES;
				CLANG_WARN_BOOL_CONVERSION = YES;
				CLANG_WARN_COMMA = YES;
				CLANG_WARN_CONSTANT_CONVERSION = YES;
				CLANG_WARN_DEPRECATED_OBJC_IMPLEMENTATIONS = YES;
				CLANG_WARN_DIRECT_OBJC_ISA_USAGE = YES_ERROR;
				CLANG_WARN_DOCUMENTATION_COMMENTS = YES;
				CLANG_WARN_EMPTY_BODY = YES;
				CLANG_WARN_ENUM_CONVERSION = YES;
				CLANG_WARN_INFINITE_RECURSION = YES;
				CLANG_WARN_INT_CONVERSION = YES;
				CLANG_WARN_NON_LITERAL_NULL_CONVERSION = YES;
				CLANG_WARN_OBJC_IMPLICIT_RETAIN_SELF = YES;
				CLANG_WARN_OBJC_LITERAL_CONVERSION = YES;
				CLANG_WARN_OBJC_ROOT_CLASS = YES_ERROR;
				CLANG_WARN_QUOTED_INCLUDE_IN_FRAMEWORK_HEADER = YES;
				CLANG_WARN_RANGE_LOOP_ANALYSIS = YES;
				CLANG_WARN_STRICT_PROTOTYPES = YES;
				CLANG_WARN_SUSPICIOUS_MOVE = YES;
				CLANG_WARN_UNGUARDED_AVAILABILITY = YES_AGGRESSIVE;
				CLANG_WARN_UNREACHABLE_CODE = YES;
				CLANG_WARN__DUPLICATE_METHOD_MATCH = YES;
				COPY_PHASE_STRIP = NO;
				DEBUG_INFORMATION_FORMAT = dwarf;
				ENABLE_STRICT_OBJC_MSGSEND = YES;
				ENABLE_TESTABILITY = YES;
				GCC_C_LANGUAGE_STANDARD = gnu11;
				GCC_DYNAMIC_NO_PIC = NO;
				GCC_NO_COMMON_BLOCKS = YES;
				GCC_OPTIMIZATION_LEVEL = 0;
				GCC_PREPROCESSOR_DEFINITIONS = (
					"DEBUG=1",
					"$(inherited)",
				);
				GCC_WARN_64_TO_32_BIT_CONVERSION = YES;
				GCC_WARN_ABOUT_RETURN_TYPE = YES_ERROR;
				GCC_WARN_UNDECLARED_SELECTOR = YES;
				GCC_WARN_UNINITIALIZED_AUTOS = YES_AGGRESSIVE;
				GCC_WARN_UNUSED_FUNCTION = YES;
				GCC_WARN_UNUSED_VARIABLE = YES;
				IPHONEOS_DEPLOYMENT_TARGET = 16.0;
				MTL_ENABLE_DEBUG_INFO = INCLUDE_SOURCE;
				MTL_FAST_MATH = YES;
				ONLY_ACTIVE_ARCH = YES;
				SDKROOT = iphoneos;
				SWIFT_ACTIVE_COMPILATION_CONDITIONS = DEBUG;
				SWIFT_OPTIMIZATION_LEVEL = "-Onone";
			};
			name = Debug;
		};
		DE30F74728FE4DEE00B6B97E /* Release */ = {
			isa = XCBuildConfiguration;
			buildSettings = {
				ALWAYS_SEARCH_USER_PATHS = NO;
				CLANG_ANALYZER_NONNULL = YES;
				CLANG_ANALYZER_NUMBER_OBJECT_CONVERSION = YES_AGGRESSIVE;
				CLANG_CXX_LANGUAGE_STANDARD = "gnu++20";
				CLANG_ENABLE_MODULES = YES;
				CLANG_ENABLE_OBJC_ARC = YES;
				CLANG_ENABLE_OBJC_WEAK = YES;
				CLANG_WARN_BLOCK_CAPTURE_AUTORELEASING = YES;
				CLANG_WARN_BOOL_CONVERSION = YES;
				CLANG_WARN_COMMA = YES;
				CLANG_WARN_CONSTANT_CONVERSION = YES;
				CLANG_WARN_DEPRECATED_OBJC_IMPLEMENTATIONS = YES;
				CLANG_WARN_DIRECT_OBJC_ISA_USAGE = YES_ERROR;
				CLANG_WARN_DOCUMENTATION_COMMENTS = YES;
				CLANG_WARN_EMPTY_BODY = YES;
				CLANG_WARN_ENUM_CONVERSION = YES;
				CLANG_WARN_INFINITE_RECURSION = YES;
				CLANG_WARN_INT_CONVERSION = YES;
				CLANG_WARN_NON_LITERAL_NULL_CONVERSION = YES;
				CLANG_WARN_OBJC_IMPLICIT_RETAIN_SELF = YES;
				CLANG_WARN_OBJC_LITERAL_CONVERSION = YES;
				CLANG_WARN_OBJC_ROOT_CLASS = YES_ERROR;
				CLANG_WARN_QUOTED_INCLUDE_IN_FRAMEWORK_HEADER = YES;
				CLANG_WARN_RANGE_LOOP_ANALYSIS = YES;
				CLANG_WARN_STRICT_PROTOTYPES = YES;
				CLANG_WARN_SUSPICIOUS_MOVE = YES;
				CLANG_WARN_UNGUARDED_AVAILABILITY = YES_AGGRESSIVE;
				CLANG_WARN_UNREACHABLE_CODE = YES;
				CLANG_WARN__DUPLICATE_METHOD_MATCH = YES;
				COPY_PHASE_STRIP = NO;
				DEBUG_INFORMATION_FORMAT = "dwarf-with-dsym";
				ENABLE_NS_ASSERTIONS = NO;
				ENABLE_STRICT_OBJC_MSGSEND = YES;
				GCC_C_LANGUAGE_STANDARD = gnu11;
				GCC_NO_COMMON_BLOCKS = YES;
				GCC_WARN_64_TO_32_BIT_CONVERSION = YES;
				GCC_WARN_ABOUT_RETURN_TYPE = YES_ERROR;
				GCC_WARN_UNDECLARED_SELECTOR = YES;
				GCC_WARN_UNINITIALIZED_AUTOS = YES_AGGRESSIVE;
				GCC_WARN_UNUSED_FUNCTION = YES;
				GCC_WARN_UNUSED_VARIABLE = YES;
				IPHONEOS_DEPLOYMENT_TARGET = 16.0;
				MTL_ENABLE_DEBUG_INFO = NO;
				MTL_FAST_MATH = YES;
				SDKROOT = iphoneos;
				SWIFT_COMPILATION_MODE = wholemodule;
				SWIFT_OPTIMIZATION_LEVEL = "-O";
				VALIDATE_PRODUCT = YES;
			};
			name = Release;
		};
		DE30F74928FE4DEE00B6B97E /* Debug */ = {
			isa = XCBuildConfiguration;
			buildSettings = {
				ASSETCATALOG_COMPILER_APPICON_NAME = AppIcon;
				ASSETCATALOG_COMPILER_GLOBAL_ACCENT_COLOR_NAME = AccentColor;
				CODE_SIGN_STYLE = Automatic;
				CURRENT_PROJECT_VERSION = 1;
				GENERATE_INFOPLIST_FILE = YES;
				INFOPLIST_FILE = onYourOwnSoundboard/Info.plist;
				INFOPLIST_KEY_UIApplicationSupportsIndirectInputEvents = YES;
				INFOPLIST_KEY_UILaunchStoryboardName = LaunchScreen;
				INFOPLIST_KEY_UIMainStoryboardFile = Main;
				INFOPLIST_KEY_UISupportedInterfaceOrientations_iPad = "UIInterfaceOrientationPortrait UIInterfaceOrientationPortraitUpsideDown UIInterfaceOrientationLandscapeLeft UIInterfaceOrientationLandscapeRight";
				INFOPLIST_KEY_UISupportedInterfaceOrientations_iPhone = "UIInterfaceOrientationPortrait UIInterfaceOrientationLandscapeLeft UIInterfaceOrientationLandscapeRight";
				LD_RUNPATH_SEARCH_PATHS = (
					"$(inherited)",
					"@executable_path/Frameworks",
				);
				MARKETING_VERSION = 1.0;
				PRODUCT_BUNDLE_IDENTIFIER = swcsd.us.onYourOwnSoundboard;
				PRODUCT_NAME = "$(TARGET_NAME)";
				SWIFT_EMIT_LOC_STRINGS = YES;
				SWIFT_VERSION = 5.0;
				TARGETED_DEVICE_FAMILY = "1,2";
			};
			name = Debug;
		};
		DE30F74A28FE4DEE00B6B97E /* Release */ = {
			isa = XCBuildConfiguration;
			buildSettings = {
				ASSETCATALOG_COMPILER_APPICON_NAME = AppIcon;
				ASSETCATALOG_COMPILER_GLOBAL_ACCENT_COLOR_NAME = AccentColor;
				CODE_SIGN_STYLE = Automatic;
				CURRENT_PROJECT_VERSION = 1;
				GENERATE_INFOPLIST_FILE = YES;
				INFOPLIST_FILE = onYourOwnSoundboard/Info.plist;
				INFOPLIST_KEY_UIApplicationSupportsIndirectInputEvents = YES;
				INFOPLIST_KEY_UILaunchStoryboardName = LaunchScreen;
				INFOPLIST_KEY_UIMainStoryboardFile = Main;
				INFOPLIST_KEY_UISupportedInterfaceOrientations_iPad = "UIInterfaceOrientationPortrait UIInterfaceOrientationPortraitUpsideDown UIInterfaceOrientationLandscapeLeft UIInterfaceOrientationLandscapeRight";
				INFOPLIST_KEY_UISupportedInterfaceOrientations_iPhone = "UIInterfaceOrientationPortrait UIInterfaceOrientationLandscapeLeft UIInterfaceOrientationLandscapeRight";
				LD_RUNPATH_SEARCH_PATHS = (
					"$(inherited)",
					"@executable_path/Frameworks",
				);
				MARKETING_VERSION = 1.0;
				PRODUCT_BUNDLE_IDENTIFIER = swcsd.us.onYourOwnSoundboard;
				PRODUCT_NAME = "$(TARGET_NAME)";
				SWIFT_EMIT_LOC_STRINGS = YES;
				SWIFT_VERSION = 5.0;
				TARGETED_DEVICE_FAMILY = "1,2";
			};
			name = Release;
		};
		DE30F74C28FE4DEE00B6B97E /* Debug */ = {
			isa = XCBuildConfiguration;
			buildSettings = {
				ALWAYS_EMBED_SWIFT_STANDARD_LIBRARIES = YES;
				BUNDLE_LOADER = "$(TEST_HOST)";
				CODE_SIGN_STYLE = Automatic;
				CURRENT_PROJECT_VERSION = 1;
				GENERATE_INFOPLIST_FILE = YES;
				IPHONEOS_DEPLOYMENT_TARGET = 16.0;
				MARKETING_VERSION = 1.0;
				PRODUCT_BUNDLE_IDENTIFIER = swcsd.us.onYourOwnSoundboardTests;
				PRODUCT_NAME = "$(TARGET_NAME)";
				SWIFT_EMIT_LOC_STRINGS = NO;
				SWIFT_VERSION = 5.0;
				TARGETED_DEVICE_FAMILY = "1,2";
				TEST_HOST = "$(BUILT_PRODUCTS_DIR)/onYourOwnSoundboard.app/$(BUNDLE_EXECUTABLE_FOLDER_PATH)/onYourOwnSoundboard";
			};
			name = Debug;
		};
		DE30F74D28FE4DEE00B6B97E /* Release */ = {
			isa = XCBuildConfiguration;
			buildSettings = {
				ALWAYS_EMBED_SWIFT_STANDARD_LIBRARIES = YES;
				BUNDLE_LOADER = "$(TEST_HOST)";
				CODE_SIGN_STYLE = Automatic;
				CURRENT_PROJECT_VERSION = 1;
				GENERATE_INFOPLIST_FILE = YES;
				IPHONEOS_DEPLOYMENT_TARGET = 16.0;
				MARKETING_VERSION = 1.0;
				PRODUCT_BUNDLE_IDENTIFIER = swcsd.us.onYourOwnSoundboardTests;
				PRODUCT_NAME = "$(TARGET_NAME)";
				SWIFT_EMIT_LOC_STRINGS = NO;
				SWIFT_VERSION = 5.0;
				TARGETED_DEVICE_FAMILY = "1,2";
				TEST_HOST = "$(BUILT_PRODUCTS_DIR)/onYourOwnSoundboard.app/$(BUNDLE_EXECUTABLE_FOLDER_PATH)/onYourOwnSoundboard";
			};
			name = Release;
		};
		DE30F74F28FE4DEE00B6B97E /* Debug */ = {
			isa = XCBuildConfiguration;
			buildSettings = {
				ALWAYS_EMBED_SWIFT_STANDARD_LIBRARIES = YES;
				CODE_SIGN_STYLE = Automatic;
				CURRENT_PROJECT_VERSION = 1;
				GENERATE_INFOPLIST_FILE = YES;
				MARKETING_VERSION = 1.0;
				PRODUCT_BUNDLE_IDENTIFIER = swcsd.us.onYourOwnSoundboardUITests;
				PRODUCT_NAME = "$(TARGET_NAME)";
				SWIFT_EMIT_LOC_STRINGS = NO;
				SWIFT_VERSION = 5.0;
				TARGETED_DEVICE_FAMILY = "1,2";
				TEST_TARGET_NAME = onYourOwnSoundboard;
			};
			name = Debug;
		};
		DE30F75028FE4DEE00B6B97E /* Release */ = {
			isa = XCBuildConfiguration;
			buildSettings = {
				ALWAYS_EMBED_SWIFT_STANDARD_LIBRARIES = YES;
				CODE_SIGN_STYLE = Automatic;
				CURRENT_PROJECT_VERSION = 1;
				GENERATE_INFOPLIST_FILE = YES;
				MARKETING_VERSION = 1.0;
				PRODUCT_BUNDLE_IDENTIFIER = swcsd.us.onYourOwnSoundboardUITests;
				PRODUCT_NAME = "$(TARGET_NAME)";
				SWIFT_EMIT_LOC_STRINGS = NO;
				SWIFT_VERSION = 5.0;
				TARGETED_DEVICE_FAMILY = "1,2";
				TEST_TARGET_NAME = onYourOwnSoundboard;
			};
			name = Release;
		};
/* End XCBuildConfiguration section */

/* Begin XCConfigurationList section */
		DE30F71628FE4DED00B6B97E /* Build configuration list for PBXProject "onYourOwnSoundboard" */ = {
			isa = XCConfigurationList;
			buildConfigurations = (
				DE30F74628FE4DEE00B6B97E /* Debug */,
				DE30F74728FE4DEE00B6B97E /* Release */,
			);
			defaultConfigurationIsVisible = 0;
			defaultConfigurationName = Release;
		};
		DE30F74828FE4DEE00B6B97E /* Build configuration list for PBXNativeTarget "onYourOwnSoundboard" */ = {
			isa = XCConfigurationList;
			buildConfigurations = (
				DE30F74928FE4DEE00B6B97E /* Debug */,
				DE30F74A28FE4DEE00B6B97E /* Release */,
			);
			defaultConfigurationIsVisible = 0;
			defaultConfigurationName = Release;
		};
		DE30F74B28FE4DEE00B6B97E /* Build configuration list for PBXNativeTarget "onYourOwnSoundboardTests" */ = {
			isa = XCConfigurationList;
			buildConfigurations = (
				DE30F74C28FE4DEE00B6B97E /* Debug */,
				DE30F74D28FE4DEE00B6B97E /* Release */,
			);
			defaultConfigurationIsVisible = 0;
			defaultConfigurationName = Release;
		};
		DE30F74E28FE4DEE00B6B97E /* Build configuration list for PBXNativeTarget "onYourOwnSoundboardUITests" */ = {
			isa = XCConfigurationList;
			buildConfigurations = (
				DE30F74F28FE4DEE00B6B97E /* Debug */,
				DE30F75028FE4DEE00B6B97E /* Release */,
			);
			defaultConfigurationIsVisible = 0;
			defaultConfigurationName = Release;
		};
/* End XCConfigurationList section */

/* Begin XCVersionGroup section */
		DE30F72728FE4DED00B6B97E /* onYourOwnSoundboard.xcdatamodeld */ = {
			isa = XCVersionGroup;
			children = (
				DE30F72828FE4DED00B6B97E /* onYourOwnSoundboard.xcdatamodel */,
			);
			currentVersion = DE30F72828FE4DED00B6B97E /* onYourOwnSoundboard.xcdatamodel */;
			path = onYourOwnSoundboard.xcdatamodeld;
			sourceTree = "<group>";
			versionGroupType = wrapper.xcdatamodel;
		};
/* End XCVersionGroup section */
	};
	rootObject = DE30F71328FE4DED00B6B97E /* Project object */;
}
